
Microsoft Visual Studio Solution File, Format Version 12.00
# Visual Studio Version 16
VisualStudioVersion = 16.0.31605.320
MinimumVisualStudioVersion = 10.0.40219.1
Project("{FAE04EC0-301F-11D3-BF4B-00C04F79EFBC}") = "LavaTubes", "LavaTubes.csproj", "{D2E150FD-8DEF-49AB-A984-F3F1F146AE6F}"
EndProject
Global
	GlobalSection(SolutionConfigurationPlatforms) = preSolution
		Debug|Any CPU = Debug|Any CPU
		Release|Any CPU = Release|Any CPU
	EndGlobalSection
	GlobalSection(ProjectConfigurationPlatforms) = postSolution
		{D2E150FD-8DEF-49AB-A984-F3F1F146AE6F}.Debug|Any CPU.ActiveCfg = Debug|Any CPU
		{D2E150FD-8DEF-49AB-A984-F3F1F146AE6F}.Debug|Any CPU.Build.0 = Debug|Any CPU
		{D2E150FD-8DEF-49AB-A984-F3F1F146AE6F}.Release|Any CPU.ActiveCfg = Release|Any CPU
		{D2E150FD-8DEF-49AB-A984-F3F1F146AE6F}.Release|Any CPU.Build.0 = Release|Any CPU
	EndGlobalSection
	GlobalSection(SolutionProperties) = preSolution
		HideSolutionNode = FALSE
	EndGlobalSection
	GlobalSection(ExtensibilityGlobals) = postSolution
		SolutionGuid = {EDD9DA83-9CFC-4565-B865-227550F753CF}
	EndGlobalSection
EndGlobal
